// !$*UTF8*$!
{
	archiveVersion = 1;
	classes = {
	};
	objectVersion = 77;
	objects = {

/* Begin PBXBuildFile section */
		530A31EE2E6D6F14005015AD /* PastedownShareExtension.appex in Embed Foundation Extensions */ = {isa = PBXBuildFile; fileRef = 530A31E42E6D6F14005015AD /* PastedownShareExtension.appex */; settings = {ATTRIBUTES = (RemoveHeadersOnCopy, ); }; };
/* End PBXBuildFile section */

/* Begin PBXContainerItemProxy section */
		530A31EC2E6D6F14005015AD /* PBXContainerItemProxy */ = {
			isa = PBXContainerItemProxy;
			containerPortal = 531AF45D2E12685900FACBA5 /* Project object */;
			proxyType = 1;
			remoteGlobalIDString = 530A31E32E6D6F14005015AD;
			remoteInfo = PastedownShareExtension;
		};
		531AF4732E12685B00FACBA5 /* PBXContainerItemProxy */ = {
			isa = PBXContainerItemProxy;
			containerPortal = 531AF45D2E12685900FACBA5 /* Project object */;
			proxyType = 1;
			remoteGlobalIDString = 531AF4642E12685900FACBA5;
			remoteInfo = "pastedown-v1";
		};
		531AF47D2E12685B00FACBA5 /* PBXContainerItemProxy */ = {
			isa = PBXContainerItemProxy;
			containerPortal = 531AF45D2E12685900FACBA5 /* Project object */;
			proxyType = 1;
			remoteGlobalIDString = 531AF4642E12685900FACBA5;
			remoteInfo = "pastedown-v1";
		};
/* End PBXContainerItemProxy section */

/* Begin PBXCopyFilesBuildPhase section */
		530A31EF2E6D6F14005015AD /* Embed Foundation Extensions */ = {
			isa = PBXCopyFilesBuildPhase;
			buildActionMask = 2147483647;
			dstPath = "";
			dstSubfolderSpec = 13;
			files = (
				530A31EE2E6D6F14005015AD /* PastedownShareExtension.appex in Embed Foundation Extensions */,
			);
			name = "Embed Foundation Extensions";
			runOnlyForDeploymentPostprocessing = 0;
		};
/* End PBXCopyFilesBuildPhase section */

/* Begin PBXFileReference section */
		530A31E42E6D6F14005015AD /* PastedownShareExtension.appex */ = {isa = PBXFileReference; explicitFileType = "wrapper.app-extension"; includeInIndex = 0; path = PastedownShareExtension.appex; sourceTree = BUILT_PRODUCTS_DIR; };
		531AF4652E12685900FACBA5 /* pastedown-v1.app */ = {isa = PBXFileReference; explicitFileType = wrapper.application; includeInIndex = 0; path = "pastedown-v1.app"; sourceTree = BUILT_PRODUCTS_DIR; };
		531AF4722E12685B00FACBA5 /* pastedown-v1Tests.xctest */ = {isa = PBXFileReference; explicitFileType = wrapper.cfbundle; includeInIndex = 0; path = "pastedown-v1Tests.xctest"; sourceTree = BUILT_PRODUCTS_DIR; };
		531AF47C2E12685B00FACBA5 /* pastedown-v1UITests.xctest */ = {isa = PBXFileReference; explicitFileType = wrapper.cfbundle; includeInIndex = 0; path = "pastedown-v1UITests.xctest"; sourceTree = BUILT_PRODUCTS_DIR; };
		53643EC62E6D825F009F6C60 /* PastedownShareExtension.entitlements */ = {isa = PBXFileReference; lastKnownFileType = text.plist.entitlements; name = PastedownShareExtension.entitlements; path = PastedownShareExtension/PastedownShareExtension.entitlements; sourceTree = "<group>"; };
/* End PBXFileReference section */

/* Begin PBXFileSystemSynchronizedBuildFileExceptionSet section */
		53643EBC2E6D80BB009F6C60 /* Exceptions for "pastedown-v1" folder in "PastedownShareExtension" target */ = {
			isa = PBXFileSystemSynchronizedBuildFileExceptionSet;
			membershipExceptions = (
				Models/AltTextTemplate.swift,
				Models/FrontMatterField.swift,
				Models/FrontMatterType.swift,
				Models/ImageHandling.swift,
				Models/Template.swift,
				"Utilities/FileManager+Extensions.swift",
				Utilities/ImageUtilities.swift,
				Utilities/ListUtilities.swift,
				Utilities/MarkdownUtilities.swift,
				Utilities/TableUtilities.swift,
				ViewModels/ClipboardService.swift,
				ViewModels/ImageAnalyzer.swift,
				ViewModels/RichTextProcessor.swift,
				ViewModels/SettingsStore.swift,
			);
			target = 530A31E32E6D6F14005015AD /* PastedownShareExtension */;
		};
		53643ECD2E6DB51C009F6C60 /* Exceptions for "pastedownShareExtension" folder in "pastedown-v1" target */ = {
			isa = PBXFileSystemSynchronizedBuildFileExceptionSet;
			membershipExceptions = (
				"/Localized: MainInterface.storyboard",
			);
			target = 531AF4642E12685900FACBA5 /* pastedown-v1 */;
		};
		53643ECE2E6DB51C009F6C60 /* Exceptions for "pastedownShareExtension" folder in "PastedownShareExtension" target */ = {
			isa = PBXFileSystemSynchronizedBuildFileExceptionSet;
			membershipExceptions = (
				"/Localized: MainInterface.storyboard",
				ShareViewController.swift,
			);
			target = 530A31E32E6D6F14005015AD /* PastedownShareExtension */;
		};
/* End PBXFileSystemSynchronizedBuildFileExceptionSet section */

/* Begin PBXFileSystemSynchronizedRootGroup section */
		531AF4672E12685900FACBA5 /* pastedown-v1 */ = {
			isa = PBXFileSystemSynchronizedRootGroup;
			exceptions = (
				53643EBC2E6D80BB009F6C60 /* Exceptions for "pastedown-v1" folder in "PastedownShareExtension" target */,
			);
			path = "pastedown-v1";
			sourceTree = "<group>";
		};
		531AF4752E12685B00FACBA5 /* pastedown-v1Tests */ = {
			isa = PBXFileSystemSynchronizedRootGroup;
			path = "pastedown-v1Tests";
			sourceTree = "<group>";
		};
		531AF47F2E12685B00FACBA5 /* pastedown-v1UITests */ = {
			isa = PBXFileSystemSynchronizedRootGroup;
			path = "pastedown-v1UITests";
			sourceTree = "<group>";
		};
		53643EAD2E6D71E4009F6C60 /* pastedownShareExtension */ = {
			isa = PBXFileSystemSynchronizedRootGroup;
			exceptions = (
				53643ECD2E6DB51C009F6C60 /* Exceptions for "pastedownShareExtension" folder in "pastedown-v1" target */,
				53643ECE2E6DB51C009F6C60 /* Exceptions for "pastedownShareExtension" folder in "PastedownShareExtension" target */,
			);
			path = pastedownShareExtension;
			sourceTree = "<group>";
		};
/* End PBXFileSystemSynchronizedRootGroup section */

/* Begin PBXFrameworksBuildPhase section */
		530A31E12E6D6F14005015AD /* Frameworks */ = {
			isa = PBXFrameworksBuildPhase;
			buildActionMask = 2147483647;
			files = (
			);
			runOnlyForDeploymentPostprocessing = 0;
		};
		531AF4622E12685900FACBA5 /* Frameworks */ = {
			isa = PBXFrameworksBuildPhase;
			buildActionMask = 2147483647;
			files = (
			);
			runOnlyForDeploymentPostprocessing = 0;
		};
		531AF46F2E12685B00FACBA5 /* Frameworks */ = {
			isa = PBXFrameworksBuildPhase;
			buildActionMask = 2147483647;
			files = (
			);
			runOnlyForDeploymentPostprocessing = 0;
		};
		531AF4792E12685B00FACBA5 /* Frameworks */ = {
			isa = PBXFrameworksBuildPhase;
			buildActionMask = 2147483647;
			files = (
			);
			runOnlyForDeploymentPostprocessing = 0;
		};
/* End PBXFrameworksBuildPhase section */

/* Begin PBXGroup section */
		531AF45C2E12685900FACBA5 = {
			isa = PBXGroup;
			children = (
				53643EC62E6D825F009F6C60 /* PastedownShareExtension.entitlements */,
				531AF4672E12685900FACBA5 /* pastedown-v1 */,
				531AF4752E12685B00FACBA5 /* pastedown-v1Tests */,
				531AF47F2E12685B00FACBA5 /* pastedown-v1UITests */,
				53643EAD2E6D71E4009F6C60 /* pastedownShareExtension */,
				531AF4662E12685900FACBA5 /* Products */,
			);
			sourceTree = "<group>";
		};
		531AF4662E12685900FACBA5 /* Products */ = {
			isa = PBXGroup;
			children = (
				531AF4652E12685900FACBA5 /* pastedown-v1.app */,
				531AF4722E12685B00FACBA5 /* pastedown-v1Tests.xctest */,
				531AF47C2E12685B00FACBA5 /* pastedown-v1UITests.xctest */,
				530A31E42E6D6F14005015AD /* PastedownShareExtension.appex */,
			);
			name = Products;
			sourceTree = "<group>";
		};
/* End PBXGroup section */

/* Begin PBXNativeTarget section */
		530A31E32E6D6F14005015AD /* PastedownShareExtension */ = {
			isa = PBXNativeTarget;
			buildConfigurationList = 530A31F32E6D6F14005015AD /* Build configuration list for PBXNativeTarget "PastedownShareExtension" */;
			buildPhases = (
				530A31E02E6D6F14005015AD /* Sources */,
				530A31E12E6D6F14005015AD /* Frameworks */,
				530A31E22E6D6F14005015AD /* Resources */,
			);
			buildRules = (
			);
			dependencies = (
			);
			name = PastedownShareExtension;
			packageProductDependencies = (
			);
			productName = PastedownShareExtension;
			productReference = 530A31E42E6D6F14005015AD /* PastedownShareExtension.appex */;
			productType = "com.apple.product-type.app-extension";
		};
		531AF4642E12685900FACBA5 /* pastedown-v1 */ = {
			isa = PBXNativeTarget;
			buildConfigurationList = 531AF4862E12685B00FACBA5 /* Build configuration list for PBXNativeTarget "pastedown-v1" */;
			buildPhases = (
				531AF4612E12685900FACBA5 /* Sources */,
				531AF4622E12685900FACBA5 /* Frameworks */,
				531AF4632E12685900FACBA5 /* Resources */,
				530A31EF2E6D6F14005015AD /* Embed Foundation Extensions */,
			);
			buildRules = (
			);
			dependencies = (
				530A31ED2E6D6F14005015AD /* PBXTargetDependency */,
			);
			fileSystemSynchronizedGroups = (
				531AF4672E12685900FACBA5 /* pastedown-v1 */,
			);
			name = "pastedown-v1";
			packageProductDependencies = (
			);
			productName = "pastedown-v1";
			productReference = 531AF4652E12685900FACBA5 /* pastedown-v1.app */;
			productType = "com.apple.product-type.application";
		};
		531AF4712E12685B00FACBA5 /* pastedown-v1Tests */ = {
			isa = PBXNativeTarget;
			buildConfigurationList = 531AF4892E12685B00FACBA5 /* Build configuration list for PBXNativeTarget "pastedown-v1Tests" */;
			buildPhases = (
				531AF46E2E12685B00FACBA5 /* Sources */,
				531AF46F2E12685B00FACBA5 /* Frameworks */,
				531AF4702E12685B00FACBA5 /* Resources */,
			);
			buildRules = (
			);
			dependencies = (
				531AF4742E12685B00FACBA5 /* PBXTargetDependency */,
			);
			fileSystemSynchronizedGroups = (
				531AF4752E12685B00FACBA5 /* pastedown-v1Tests */,
			);
			name = "pastedown-v1Tests";
			packageProductDependencies = (
			);
			productName = "pastedown-v1Tests";
			productReference = 531AF4722E12685B00FACBA5 /* pastedown-v1Tests.xctest */;
			productType = "com.apple.product-type.bundle.unit-test";
		};
		531AF47B2E12685B00FACBA5 /* pastedown-v1UITests */ = {
			isa = PBXNativeTarget;
			buildConfigurationList = 531AF48C2E12685B00FACBA5 /* Build configuration list for PBXNativeTarget "pastedown-v1UITests" */;
			buildPhases = (
				531AF4782E12685B00FACBA5 /* Sources */,
				531AF4792E12685B00FACBA5 /* Frameworks */,
				531AF47A2E12685B00FACBA5 /* Resources */,
			);
			buildRules = (
			);
			dependencies = (
				531AF47E2E12685B00FACBA5 /* PBXTargetDependency */,
			);
			fileSystemSynchronizedGroups = (
				531AF47F2E12685B00FACBA5 /* pastedown-v1UITests */,
			);
			name = "pastedown-v1UITests";
			packageProductDependencies = (
			);
			productName = "pastedown-v1UITests";
			productReference = 531AF47C2E12685B00FACBA5 /* pastedown-v1UITests.xctest */;
			productType = "com.apple.product-type.bundle.ui-testing";
		};
/* End PBXNativeTarget section */

/* Begin PBXProject section */
		531AF45D2E12685900FACBA5 /* Project object */ = {
			isa = PBXProject;
			attributes = {
				BuildIndependentTargetsInParallel = 1;
				LastSwiftUpdateCheck = 1640;
				LastUpgradeCheck = 1640;
				TargetAttributes = {
					530A31E32E6D6F14005015AD = {
						CreatedOnToolsVersion = 16.4;
					};
					531AF4642E12685900FACBA5 = {
						CreatedOnToolsVersion = 16.4;
					};
					531AF4712E12685B00FACBA5 = {
						CreatedOnToolsVersion = 16.4;
						TestTargetID = 531AF4642E12685900FACBA5;
					};
					531AF47B2E12685B00FACBA5 = {
						CreatedOnToolsVersion = 16.4;
						TestTargetID = 531AF4642E12685900FACBA5;
					};
				};
			};
			buildConfigurationList = 531AF4602E12685900FACBA5 /* Build configuration list for PBXProject "pastedown-v1" */;
			developmentRegion = en;
			hasScannedForEncodings = 0;
			knownRegions = (
				en,
				Base,
			);
			mainGroup = 531AF45C2E12685900FACBA5;
			minimizedProjectReferenceProxies = 1;
			preferredProjectObjectVersion = 77;
			productRefGroup = 531AF4662E12685900FACBA5 /* Products */;
			projectDirPath = "";
			projectRoot = "";
			targets = (
				531AF4642E12685900FACBA5 /* pastedown-v1 */,
				531AF4712E12685B00FACBA5 /* pastedown-v1Tests */,
				531AF47B2E12685B00FACBA5 /* pastedown-v1UITests */,
				530A31E32E6D6F14005015AD /* PastedownShareExtension */,
			);
		};
/* End PBXProject section */

/* Begin PBXResourcesBuildPhase section */
		530A31E22E6D6F14005015AD /* Resources */ = {
			isa = PBXResourcesBuildPhase;
			buildActionMask = 2147483647;
			files = (
			);
			runOnlyForDeploymentPostprocessing = 0;
		};
		531AF4632E12685900FACBA5 /* Resources */ = {
			isa = PBXResourcesBuildPhase;
			buildActionMask = 2147483647;
			files = (
			);
			runOnlyForDeploymentPostprocessing = 0;
		};
		531AF4702E12685B00FACBA5 /* Resources */ = {
			isa = PBXResourcesBuildPhase;
			buildActionMask = 2147483647;
			files = (
			);
			runOnlyForDeploymentPostprocessing = 0;
		};
		531AF47A2E12685B00FACBA5 /* Resources */ = {
			isa = PBXResourcesBuildPhase;
			buildActionMask = 2147483647;
			files = (
			);
			runOnlyForDeploymentPostprocessing = 0;
		};
/* End PBXResourcesBuildPhase section */

/* Begin PBXSourcesBuildPhase section */
		530A31E02E6D6F14005015AD /* Sources */ = {
			isa = PBXSourcesBuildPhase;
			buildActionMask = 2147483647;
			files = (
			);
			runOnlyForDeploymentPostprocessing = 0;
		};
		531AF4612E12685900FACBA5 /* Sources */ = {
			isa = PBXSourcesBuildPhase;
			buildActionMask = 2147483647;
			files = (
			);
			runOnlyForDeploymentPostprocessing = 0;
		};
		531AF46E2E12685B00FACBA5 /* Sources */ = {
			isa = PBXSourcesBuildPhase;
			buildActionMask = 2147483647;
			files = (
			);
			runOnlyForDeploymentPostprocessing = 0;
		};
		531AF4782E12685B00FACBA5 /* Sources */ = {
			isa = PBXSourcesBuildPhase;
			buildActionMask = 2147483647;
			files = (
			);
			runOnlyForDeploymentPostprocessing = 0;
		};
/* End PBXSourcesBuildPhase section */

/* Begin PBXTargetDependency section */
		530A31ED2E6D6F14005015AD /* PBXTargetDependency */ = {
			isa = PBXTargetDependency;
			target = 530A31E32E6D6F14005015AD /* PastedownShareExtension */;
			targetProxy = 530A31EC2E6D6F14005015AD /* PBXContainerItemProxy */;
		};
		531AF4742E12685B00FACBA5 /* PBXTargetDependency */ = {
			isa = PBXTargetDependency;
			target = 531AF4642E12685900FACBA5 /* pastedown-v1 */;
			targetProxy = 531AF4732E12685B00FACBA5 /* PBXContainerItemProxy */;
		};
		531AF47E2E12685B00FACBA5 /* PBXTargetDependency */ = {
			isa = PBXTargetDependency;
			target = 531AF4642E12685900FACBA5 /* pastedown-v1 */;
			targetProxy = 531AF47D2E12685B00FACBA5 /* PBXContainerItemProxy */;
		};
/* End PBXTargetDependency section */

/* Begin XCBuildConfiguration section */
		530A31F02E6D6F14005015AD /* Debug */ = {
			isa = XCBuildConfiguration;
			buildSettings = {
				CODE_SIGN_ENTITLEMENTS = PastedownShareExtension/PastedownShareExtension.entitlements;
				CODE_SIGN_STYLE = Automatic;
				CURRENT_PROJECT_VERSION = 1;
				DEVELOPMENT_TEAM = B3699PGRBJ;
				GENERATE_INFOPLIST_FILE = YES;
				INFOPLIST_FILE = PastedownShareExtension/Info.plist;
				INFOPLIST_KEY_CFBundleDisplayName = PastedownShareExtension;
				INFOPLIST_KEY_NSHumanReadableCopyright = "";
				LD_RUNPATH_SEARCH_PATHS = (
					"$(inherited)",
					"@executable_path/Frameworks",
					"@executable_path/../../Frameworks",
				);
				MARKETING_VERSION = 1.0;
				PRODUCT_BUNDLE_IDENTIFIER = "Yu-shin.pastedown-v1.PastedownShareExtension";
				PRODUCT_NAME = "$(TARGET_NAME)";
				SKIP_INSTALL = YES;
				SWIFT_EMIT_LOC_STRINGS = YES;
				SWIFT_VERSION = 5.0;
				TARGETED_DEVICE_FAMILY = "1,2";
			};
			name = Debug;
		};
		530A31F12E6D6F14005015AD /* Release */ = {
			isa = XCBuildConfiguration;
			buildSettings = {
				CODE_SIGN_ENTITLEMENTS = PastedownShareExtension/PastedownShareExtension.entitlements;
				CODE_SIGN_STYLE = Automatic;
				CURRENT_PROJECT_VERSION = 1;
				DEVELOPMENT_TEAM = B3699PGRBJ;
				GENERATE_INFOPLIST_FILE = YES;
				INFOPLIST_FILE = PastedownShareExtension/Info.plist;
				INFOPLIST_KEY_CFBundleDisplayName = PastedownShareExtension;
				INFOPLIST_KEY_NSHumanReadableCopyright = "";
				LD_RUNPATH_SEARCH_PATHS = (
					"$(inherited)",
					"@executable_path/Frameworks",
					"@executable_path/../../Frameworks",
				);
				MARKETING_VERSION = 1.0;
				PRODUCT_BUNDLE_IDENTIFIER = "Yu-shin.pastedown-v1.PastedownShareExtension";
				PRODUCT_NAME = "$(TARGET_NAME)";
				SKIP_INSTALL = YES;
				SWIFT_EMIT_LOC_STRINGS = YES;
				SWIFT_VERSION = 5.0;
				TARGETED_DEVICE_FAMILY = "1,2";
			};
			name = Release;
		};
		531AF4842E12685B00FACBA5 /* Debug */ = {
			isa = XCBuildConfiguration;
			buildSettings = {
				ALWAYS_SEARCH_USER_PATHS = NO;
				ASSETCATALOG_COMPILER_GENERATE_SWIFT_ASSET_SYMBOL_EXTENSIONS = YES;
				CLANG_ANALYZER_NONNULL = YES;
				CLANG_ANALYZER_NUMBER_OBJECT_CONVERSION = YES_AGGRESSIVE;
				CLANG_CXX_LANGUAGE_STANDARD = "gnu++20";
				CLANG_ENABLE_MODULES = YES;
				CLANG_ENABLE_OBJC_ARC = YES;
				CLANG_ENABLE_OBJC_WEAK = YES;
				CLANG_WARN_BLOCK_CAPTURE_AUTORELEASING = YES;
				CLANG_WARN_BOOL_CONVERSION = YES;
				CLANG_WARN_COMMA = YES;
				CLANG_WARN_CONSTANT_CONVERSION = YES;
				CLANG_WARN_DEPRECATED_OBJC_IMPLEMENTATIONS = YES;
				CLANG_WARN_DIRECT_OBJC_ISA_USAGE = YES_ERROR;
				CLANG_WARN_DOCUMENTATION_COMMENTS = YES;
				CLANG_WARN_EMPTY_BODY = YES;
				CLANG_WARN_ENUM_CONVERSION = YES;
				CLANG_WARN_INFINITE_RECURSION = YES;
				CLANG_WARN_INT_CONVERSION = YES;
				CLANG_WARN_NON_LITERAL_NULL_CONVERSION = YES;
				CLANG_WARN_OBJC_IMPLICIT_RETAIN_SELF = YES;
				CLANG_WARN_OBJC_LITERAL_CONVERSION = YES;
				CLANG_WARN_OBJC_ROOT_CLASS = YES_ERROR;
				CLANG_WARN_QUOTED_INCLUDE_IN_FRAMEWORK_HEADER = YES;
				CLANG_WARN_RANGE_LOOP_ANALYSIS = YES;
				CLANG_WARN_STRICT_PROTOTYPES = YES;
				CLANG_WARN_SUSPICIOUS_MOVE = YES;
				CLANG_WARN_UNGUARDED_AVAILABILITY = YES_AGGRESSIVE;
				CLANG_WARN_UNREACHABLE_CODE = YES;
				CLANG_WARN__DUPLICATE_METHOD_MATCH = YES;
				COPY_PHASE_STRIP = NO;
				DEBUG_INFORMATION_FORMAT = dwarf;
				ENABLE_STRICT_OBJC_MSGSEND = YES;
				ENABLE_TESTABILITY = YES;
				ENABLE_USER_SCRIPT_SANDBOXING = YES;
				GCC_C_LANGUAGE_STANDARD = gnu17;
				GCC_DYNAMIC_NO_PIC = NO;
				GCC_NO_COMMON_BLOCKS = YES;
				GCC_OPTIMIZATION_LEVEL = 0;
				GCC_PREPROCESSOR_DEFINITIONS = (
					"DEBUG=1",
					"$(inherited)",
				);
				GCC_WARN_64_TO_32_BIT_CONVERSION = YES;
				GCC_WARN_ABOUT_RETURN_TYPE = YES_ERROR;
				GCC_WARN_UNDECLARED_SELECTOR = YES;
				GCC_WARN_UNINITIALIZED_AUTOS = YES_AGGRESSIVE;
				GCC_WARN_UNUSED_FUNCTION = YES;
				GCC_WARN_UNUSED_VARIABLE = YES;
				IPHONEOS_DEPLOYMENT_TARGET = 18.5;
				LOCALIZATION_PREFERS_STRING_CATALOGS = YES;
				MTL_ENABLE_DEBUG_INFO = INCLUDE_SOURCE;
				MTL_FAST_MATH = YES;
				ONLY_ACTIVE_ARCH = YES;
				SDKROOT = iphoneos;
				SWIFT_ACTIVE_COMPILATION_CONDITIONS = "DEBUG $(inherited)";
				SWIFT_OPTIMIZATION_LEVEL = "-Onone";
			};
			name = Debug;
		};
		531AF4852E12685B00FACBA5 /* Release */ = {
			isa = XCBuildConfiguration;
			buildSettings = {
				ALWAYS_SEARCH_USER_PATHS = NO;
				ASSETCATALOG_COMPILER_GENERATE_SWIFT_ASSET_SYMBOL_EXTENSIONS = YES;
				CLANG_ANALYZER_NONNULL = YES;
				CLANG_ANALYZER_NUMBER_OBJECT_CONVERSION = YES_AGGRESSIVE;
				CLANG_CXX_LANGUAGE_STANDARD = "gnu++20";
				CLANG_ENABLE_MODULES = YES;
				CLANG_ENABLE_OBJC_ARC = YES;
				CLANG_ENABLE_OBJC_WEAK = YES;
				CLANG_WARN_BLOCK_CAPTURE_AUTORELEASING = YES;
				CLANG_WARN_BOOL_CONVERSION = YES;
				CLANG_WARN_COMMA = YES;
				CLANG_WARN_CONSTANT_CONVERSION = YES;
				CLANG_WARN_DEPRECATED_OBJC_IMPLEMENTATIONS = YES;
				CLANG_WARN_DIRECT_OBJC_ISA_USAGE = YES_ERROR;
				CLANG_WARN_DOCUMENTATION_COMMENTS = YES;
				CLANG_WARN_EMPTY_BODY = YES;
				CLANG_WARN_ENUM_CONVERSION = YES;
				CLANG_WARN_INFINITE_RECURSION = YES;
				CLANG_WARN_INT_CONVERSION = YES;
				CLANG_WARN_NON_LITERAL_NULL_CONVERSION = YES;
				CLANG_WARN_OBJC_IMPLICIT_RETAIN_SELF = YES;
				CLANG_WARN_OBJC_LITERAL_CONVERSION = YES;
				CLANG_WARN_OBJC_ROOT_CLASS = YES_ERROR;
				CLANG_WARN_QUOTED_INCLUDE_IN_FRAMEWORK_HEADER = YES;
				CLANG_WARN_RANGE_LOOP_ANALYSIS = YES;
				CLANG_WARN_STRICT_PROTOTYPES = YES;
				CLANG_WARN_SUSPICIOUS_MOVE = YES;
				CLANG_WARN_UNGUARDED_AVAILABILITY = YES_AGGRESSIVE;
				CLANG_WARN_UNREACHABLE_CODE = YES;
				CLANG_WARN__DUPLICATE_METHOD_MATCH = YES;
				COPY_PHASE_STRIP = NO;
				DEBUG_INFORMATION_FORMAT = "dwarf-with-dsym";
				ENABLE_NS_ASSERTIONS = NO;
				ENABLE_STRICT_OBJC_MSGSEND = YES;
				ENABLE_USER_SCRIPT_SANDBOXING = YES;
				GCC_C_LANGUAGE_STANDARD = gnu17;
				GCC_NO_COMMON_BLOCKS = YES;
				GCC_WARN_64_TO_32_BIT_CONVERSION = YES;
				GCC_WARN_ABOUT_RETURN_TYPE = YES_ERROR;
				GCC_WARN_UNDECLARED_SELECTOR = YES;
				GCC_WARN_UNINITIALIZED_AUTOS = YES_AGGRESSIVE;
				GCC_WARN_UNUSED_FUNCTION = YES;
				GCC_WARN_UNUSED_VARIABLE = YES;
				IPHONEOS_DEPLOYMENT_TARGET = 18.5;
				LOCALIZATION_PREFERS_STRING_CATALOGS = YES;
				MTL_ENABLE_DEBUG_INFO = NO;
				MTL_FAST_MATH = YES;
				SDKROOT = iphoneos;
				SWIFT_COMPILATION_MODE = wholemodule;
				VALIDATE_PRODUCT = YES;
			};
			name = Release;
		};
		531AF4872E12685B00FACBA5 /* Debug */ = {
			isa = XCBuildConfiguration;
			buildSettings = {
				ASSETCATALOG_COMPILER_APPICON_NAME = AppIcon;
				ASSETCATALOG_COMPILER_GLOBAL_ACCENT_COLOR_NAME = AccentColor;
				CODE_SIGN_ENTITLEMENTS = "pastedown-v1/pastedown-v1.entitlements";
				CODE_SIGN_STYLE = Automatic;
				CURRENT_PROJECT_VERSION = 1;
				DEVELOPMENT_TEAM = B3699PGRBJ;
				ENABLE_PREVIEWS = YES;
				GENERATE_INFOPLIST_FILE = YES;
				INFOPLIST_KEY_UIApplicationSceneManifest_Generation = YES;
				INFOPLIST_KEY_UIApplicationSupportsIndirectInputEvents = YES;
				INFOPLIST_KEY_UILaunchScreen_Generation = YES;
				INFOPLIST_KEY_UISupportedInterfaceOrientations_iPad = "UIInterfaceOrientationPortrait UIInterfaceOrientationPortraitUpsideDown UIInterfaceOrientationLandscapeLeft UIInterfaceOrientationLandscapeRight";
				INFOPLIST_KEY_UISupportedInterfaceOrientations_iPhone = "UIInterfaceOrientationPortrait UIInterfaceOrientationLandscapeLeft UIInterfaceOrientationLandscapeRight";
				LD_RUNPATH_SEARCH_PATHS = (
					"$(inherited)",
					"@executable_path/Frameworks",
				);
				MARKETING_VERSION = 1.0;
				PRODUCT_BUNDLE_IDENTIFIER = "Yu-shin.pastedown-v1";
				PRODUCT_NAME = "$(TARGET_NAME)";
				SWIFT_EMIT_LOC_STRINGS = YES;
				SWIFT_VERSION = 5.0;
				TARGETED_DEVICE_FAMILY = "1,2";
			};
			name = Debug;
		};
		531AF4882E12685B00FACBA5 /* Release */ = {
			isa = XCBuildConfiguration;
			buildSettings = {
				ASSETCATALOG_COMPILER_APPICON_NAME = AppIcon;
				ASSETCATALOG_COMPILER_GLOBAL_ACCENT_COLOR_NAME = AccentColor;
				CODE_SIGN_ENTITLEMENTS = "pastedown-v1/pastedown-v1.entitlements";
				CODE_SIGN_STYLE = Automatic;
				CURRENT_PROJECT_VERSION = 1;
				DEVELOPMENT_TEAM = B3699PGRBJ;
				ENABLE_PREVIEWS = YES;
				GENERATE_INFOPLIST_FILE = YES;
				INFOPLIST_KEY_UIApplicationSceneManifest_Generation = YES;
				INFOPLIST_KEY_UIApplicationSupportsIndirectInputEvents = YES;
				INFOPLIST_KEY_UILaunchScreen_Generation = YES;
				INFOPLIST_KEY_UISupportedInterfaceOrientations_iPad = "UIInterfaceOrientationPortrait UIInterfaceOrientationPortraitUpsideDown UIInterfaceOrientationLandscapeLeft UIInterfaceOrientationLandscapeRight";
				INFOPLIST_KEY_UISupportedInterfaceOrientations_iPhone = "UIInterfaceOrientationPortrait UIInterfaceOrientationLandscapeLeft UIInterfaceOrientationLandscapeRight";
				LD_RUNPATH_SEARCH_PATHS = (
					"$(inherited)",
					"@executable_path/Frameworks",
				);
				MARKETING_VERSION = 1.0;
				PRODUCT_BUNDLE_IDENTIFIER = "Yu-shin.pastedown-v1";
				PRODUCT_NAME = "$(TARGET_NAME)";
				SWIFT_EMIT_LOC_STRINGS = YES;
				SWIFT_VERSION = 5.0;
				TARGETED_DEVICE_FAMILY = "1,2";
			};
			name = Release;
		};
		531AF48A2E12685B00FACBA5 /* Debug */ = {
			isa = XCBuildConfiguration;
			buildSettings = {
				BUNDLE_LOADER = "$(TEST_HOST)";
				CODE_SIGN_STYLE = Automatic;
				CURRENT_PROJECT_VERSION = 1;
				GENERATE_INFOPLIST_FILE = YES;
				IPHONEOS_DEPLOYMENT_TARGET = 18.5;
				MARKETING_VERSION = 1.0;
				PRODUCT_BUNDLE_IDENTIFIER = "Yu-shin.pastedown-v1Tests";
				PRODUCT_NAME = "$(TARGET_NAME)";
				SWIFT_EMIT_LOC_STRINGS = NO;
				SWIFT_VERSION = 5.0;
				TARGETED_DEVICE_FAMILY = "1,2";
				TEST_HOST = "$(BUILT_PRODUCTS_DIR)/pastedown-v1.app/$(BUNDLE_EXECUTABLE_FOLDER_PATH)/pastedown-v1";
			};
			name = Debug;
		};
		531AF48B2E12685B00FACBA5 /* Release */ = {
			isa = XCBuildConfiguration;
			buildSettings = {
				BUNDLE_LOADER = "$(TEST_HOST)";
				CODE_SIGN_STYLE = Automatic;
				CURRENT_PROJECT_VERSION = 1;
				GENERATE_INFOPLIST_FILE = YES;
				IPHONEOS_DEPLOYMENT_TARGET = 18.5;
				MARKETING_VERSION = 1.0;
				PRODUCT_BUNDLE_IDENTIFIER = "Yu-shin.pastedown-v1Tests";
				PRODUCT_NAME = "$(TARGET_NAME)";
				SWIFT_EMIT_LOC_STRINGS = NO;
				SWIFT_VERSION = 5.0;
				TARGETED_DEVICE_FAMILY = "1,2";
				TEST_HOST = "$(BUILT_PRODUCTS_DIR)/pastedown-v1.app/$(BUNDLE_EXECUTABLE_FOLDER_PATH)/pastedown-v1";
			};
			name = Release;
		};
		531AF48D2E12685B00FACBA5 /* Debug */ = {
			isa = XCBuildConfiguration;
			buildSettings = {
				CODE_SIGN_STYLE = Automatic;
				CURRENT_PROJECT_VERSION = 1;
				GENERATE_INFOPLIST_FILE = YES;
				MARKETING_VERSION = 1.0;
				PRODUCT_BUNDLE_IDENTIFIER = "Yu-shin.pastedown-v1UITests";
				PRODUCT_NAME = "$(TARGET_NAME)";
				SWIFT_EMIT_LOC_STRINGS = NO;
				SWIFT_VERSION = 5.0;
				TARGETED_DEVICE_FAMILY = "1,2";
				TEST_TARGET_NAME = "pastedown-v1";
			};
			name = Debug;
		};
		531AF48E2E12685B00FACBA5 /* Release */ = {
			isa = XCBuildConfiguration;
			buildSettings = {
				CODE_SIGN_STYLE = Automatic;
				CURRENT_PROJECT_VERSION = 1;
				GENERATE_INFOPLIST_FILE = YES;
				MARKETING_VERSION = 1.0;
				PRODUCT_BUNDLE_IDENTIFIER = "Yu-shin.pastedown-v1UITests";
				PRODUCT_NAME = "$(TARGET_NAME)";
				SWIFT_EMIT_LOC_STRINGS = NO;
				SWIFT_VERSION = 5.0;
				TARGETED_DEVICE_FAMILY = "1,2";
				TEST_TARGET_NAME = "pastedown-v1";
			};
			name = Release;
		};
/* End XCBuildConfiguration section */

/* Begin XCConfigurationList section */
		530A31F32E6D6F14005015AD /* Build configuration list for PBXNativeTarget "PastedownShareExtension" */ = {
			isa = XCConfigurationList;
			buildConfigurations = (
				530A31F02E6D6F14005015AD /* Debug */,
				530A31F12E6D6F14005015AD /* Release */,
			);
			defaultConfigurationIsVisible = 0;
			defaultConfigurationName = Release;
		};
		531AF4602E12685900FACBA5 /* Build configuration list for PBXProject "pastedown-v1" */ = {
			isa = XCConfigurationList;
			buildConfigurations = (
				531AF4842E12685B00FACBA5 /* Debug */,
				531AF4852E12685B00FACBA5 /* Release */,
			);
			defaultConfigurationIsVisible = 0;
			defaultConfigurationName = Release;
		};
		531AF4862E12685B00FACBA5 /* Build configuration list for PBXNativeTarget "pastedown-v1" */ = {
			isa = XCConfigurationList;
			buildConfigurations = (
				531AF4872E12685B00FACBA5 /* Debug */,
				531AF4882E12685B00FACBA5 /* Release */,
			);
			defaultConfigurationIsVisible = 0;
			defaultConfigurationName = Release;
		};
		531AF4892E12685B00FACBA5 /* Build configuration list for PBXNativeTarget "pastedown-v1Tests" */ = {
			isa = XCConfigurationList;
			buildConfigurations = (
				531AF48A2E12685B00FACBA5 /* Debug */,
				531AF48B2E12685B00FACBA5 /* Release */,
			);
			defaultConfigurationIsVisible = 0;
			defaultConfigurationName = Release;
		};
		531AF48C2E12685B00FACBA5 /* Build configuration list for PBXNativeTarget "pastedown-v1UITests" */ = {
			isa = XCConfigurationList;
			buildConfigurations = (
				531AF48D2E12685B00FACBA5 /* Debug */,
				531AF48E2E12685B00FACBA5 /* Release */,
			);
			defaultConfigurationIsVisible = 0;
			defaultConfigurationName = Release;
		};
/* End XCConfigurationList section */
	};
	rootObject = 531AF45D2E12685900FACBA5 /* Project object */;
}
